
Microsoft Visual Studio Solution File, Format Version 12.00
# Visual Studio Version 17
VisualStudioVersion = 17.13.35806.99
MinimumVisualStudioVersion = 10.0.40219.1
Project("{FAE04EC0-301F-11D3-BF4B-00C04F79EFBC}") = "Business", "Business\Business.csproj", "{5A007BA4-E066-4249-92B8-363D7917F008}"
EndProject
Project("{FAE04EC0-301F-11D3-BF4B-00C04F79EFBC}") = "Data", "Data\Data.csproj", "{A45A8528-2C5E-4DC9-BA54-3BBAD07A2FDB}"
EndProject
Project("{FAE04EC0-301F-11D3-BF4B-00C04F79EFBC}") = "Entity", "Entity\Entity.csproj", "{1D04514C-897B-4286-BD4C-8FA94D26DFF6}"
EndProject
Project("{FAE04EC0-301F-11D3-BF4B-00C04F79EFBC}") = "UI", "DepoMvcKatmanlıMimariProjectUI\UI.csproj", "{D12690CF-19CA-4E66-94C3-6D68FFB52405}"
EndProject
Global
	GlobalSection(SolutionConfigurationPlatforms) = preSolution
		Debug|Any CPU = Debug|Any CPU
		Release|Any CPU = Release|Any CPU
	EndGlobalSection
	GlobalSection(ProjectConfigurationPlatforms) = postSolution
		{5A007BA4-E066-4249-92B8-363D7917F008}.Debug|Any CPU.ActiveCfg = Debug|Any CPU
		{5A007BA4-E066-4249-92B8-363D7917F008}.Debug|Any CPU.Build.0 = Debug|Any CPU
		{5A007BA4-E066-4249-92B8-363D7917F008}.Release|Any CPU.ActiveCfg = Release|Any CPU
		{5A007BA4-E066-4249-92B8-363D7917F008}.Release|Any CPU.Build.0 = Release|Any CPU
		{A45A8528-2C5E-4DC9-BA54-3BBAD07A2FDB}.Debug|Any CPU.ActiveCfg = Debug|Any CPU
		{A45A8528-2C5E-4DC9-BA54-3BBAD07A2FDB}.Debug|Any CPU.Build.0 = Debug|Any CPU
		{A45A8528-2C5E-4DC9-BA54-3BBAD07A2FDB}.Release|Any CPU.ActiveCfg = Release|Any CPU
		{A45A8528-2C5E-4DC9-BA54-3BBAD07A2FDB}.Release|Any CPU.Build.0 = Release|Any CPU
		{1D04514C-897B-4286-BD4C-8FA94D26DFF6}.Debug|Any CPU.ActiveCfg = Debug|Any CPU
		{1D04514C-897B-4286-BD4C-8FA94D26DFF6}.Debug|Any CPU.Build.0 = Debug|Any CPU
		{1D04514C-897B-4286-BD4C-8FA94D26DFF6}.Release|Any CPU.ActiveCfg = Release|Any CPU
		{1D04514C-897B-4286-BD4C-8FA94D26DFF6}.Release|Any CPU.Build.0 = Release|Any CPU
		{D12690CF-19CA-4E66-94C3-6D68FFB52405}.Debug|Any CPU.ActiveCfg = Debug|Any CPU
		{D12690CF-19CA-4E66-94C3-6D68FFB52405}.Debug|Any CPU.Build.0 = Debug|Any CPU
		{D12690CF-19CA-4E66-94C3-6D68FFB52405}.Release|Any CPU.ActiveCfg = Release|Any CPU
		{D12690CF-19CA-4E66-94C3-6D68FFB52405}.Release|Any CPU.Build.0 = Release|Any CPU
	EndGlobalSection
	GlobalSection(SolutionProperties) = preSolution
		HideSolutionNode = FALSE
	EndGlobalSection
	GlobalSection(ExtensibilityGlobals) = postSolution
		SolutionGuid = {A7833BAD-7C5D-4F34-8A66-99B525B6A66A}
	EndGlobalSection
EndGlobal
